
Microsoft Visual Studio Solution File, Format Version 12.00
# Visual Studio 2013
VisualStudioVersion = 12.0.40629.0
MinimumVisualStudioVersion = 10.0.40219.1
Project("{8BC9CEB8-8B4A-11D0-8D11-00A0C91BC942}") = "miro_0508", "miro_0508\miro_0508.vcxproj", "{581FA707-B37C-47F3-B072-BEF3944F301C}"
EndProject
Global
	GlobalSection(SolutionConfigurationPlatforms) = preSolution
		Debug|Win32 = Debug|Win32
		Release|Win32 = Release|Win32
	EndGlobalSection
	GlobalSection(ProjectConfigurationPlatforms) = postSolution
		{581FA707-B37C-47F3-B072-BEF3944F301C}.Debug|Win32.ActiveCfg = Debug|Win32
		{581FA707-B37C-47F3-B072-BEF3944F301C}.Debug|Win32.Build.0 = Debug|Win32
		{581FA707-B37C-47F3-B072-BEF3944F301C}.Release|Win32.ActiveCfg = Release|Win32
		{581FA707-B37C-47F3-B072-BEF3944F301C}.Release|Win32.Build.0 = Release|Win32
	EndGlobalSection
	GlobalSection(SolutionProperties) = preSolution
		HideSolutionNode = FALSE
	EndGlobalSection
EndGlobal
