
Microsoft Visual Studio Solution File, Format Version 12.00
# Visual Studio 2013
VisualStudioVersion = 12.0.40629.0
MinimumVisualStudioVersion = 10.0.40219.1
Project("{8BC9CEB8-8B4A-11D0-8D11-00A0C91BC942}") = "T0503", "T0503\T0503.vcxproj", "{768A92F5-00DA-44FB-8E99-BE6692CD2255}"
EndProject
Global
	GlobalSection(SolutionConfigurationPlatforms) = preSolution
		Debug|Win32 = Debug|Win32
		Release|Win32 = Release|Win32
	EndGlobalSection
	GlobalSection(ProjectConfigurationPlatforms) = postSolution
		{768A92F5-00DA-44FB-8E99-BE6692CD2255}.Debug|Win32.ActiveCfg = Debug|Win32
		{768A92F5-00DA-44FB-8E99-BE6692CD2255}.Debug|Win32.Build.0 = Debug|Win32
		{768A92F5-00DA-44FB-8E99-BE6692CD2255}.Release|Win32.ActiveCfg = Release|Win32
		{768A92F5-00DA-44FB-8E99-BE6692CD2255}.Release|Win32.Build.0 = Release|Win32
	EndGlobalSection
	GlobalSection(SolutionProperties) = preSolution
		HideSolutionNode = FALSE
	EndGlobalSection
EndGlobal
